Microsoft Visual Studio Solution File, Format Version 12.00
# Visual Studio Version 17
VisualStudioVersion = 17.9.34728.123
MinimumVisualStudioVersion = 10.0.40219.1
Project("{5560562B-846E-4CC1-A461-79BFAD616596}") = "LocadoraVeiculos.API", "LocadoraVeiculos.API\LocadoraVeiculos.API.csproj", "{FAAFB461-339C-4F0D-831F-6197126C7302}"
EndProject
Global
	GlobalSection(SolutionConfigurationPlatforms) = preSolution
		Debug|Any CPU = Debug|Any CPU
		Release|Any CPU = Release|Any CPU
	EndGlobalSection
	GlobalSection(ProjectConfigurationPlatforms) = postSolution
		{FAAFB461-339C-4F0D-831F-6197126C7302}.Debug|Any CPU.ActiveCfg = Debug|Any CPU
		{FAAFB461-339C-4F0D-831F-6197126C7302}.Debug|Any CPU.Build.0 = Debug|Any CPU
		{FAAFB461-339C-4F0D-831F-6197126C7302}.Release|Any CPU.ActiveCfg = Release|Any CPU
		{FAAFB461-339C-4F0D-831F-6197126C7302}.Release|Any CPU.Build.0 = Release|Any CPU
	EndGlobalSection
	GlobalSection(SolutionProperties) = preSolution
		HideSolutionNode = FALSE
	EndGlobalSection
EndGlobal
